
Microsoft Visual Studio Solution File, Format Version 12.00
# Visual Studio Version 17
VisualStudioVersion = 17.1.31911.260
MinimumVisualStudioVersion = 10.0.40219.1
Project("{FAE04EC0-301F-11D3-BF4B-00C04F79EFBC}") = "App1", "App1\App1.csproj", "{2B743887-DEBD-4751-B67B-C416416E28FE}"
EndProject
Global
	GlobalSection(SolutionConfigurationPlatforms) = preSolution
		Debug|Any CPU = Debug|Any CPU
		Release|Any CPU = Release|Any CPU
	EndGlobalSection
	GlobalSection(ProjectConfigurationPlatforms) = postSolution
		{2B743887-DEBD-4751-B67B-C416416E28FE}.Debug|Any CPU.ActiveCfg = Debug|Any CPU
		{2B743887-DEBD-4751-B67B-C416416E28FE}.Debug|Any CPU.Build.0 = Debug|Any CPU
		{2B743887-DEBD-4751-B67B-C416416E28FE}.Debug|Any CPU.Deploy.0 = Debug|Any CPU
		{2B743887-DEBD-4751-B67B-C416416E28FE}.Release|Any CPU.ActiveCfg = Release|Any CPU
		{2B743887-DEBD-4751-B67B-C416416E28FE}.Release|Any CPU.Build.0 = Release|Any CPU
		{2B743887-DEBD-4751-B67B-C416416E28FE}.Release|Any CPU.Deploy.0 = Release|Any CPU
	EndGlobalSection
	GlobalSection(SolutionProperties) = preSolution
		HideSolutionNode = FALSE
	EndGlobalSection
	GlobalSection(ExtensibilityGlobals) = postSolution
		SolutionGuid = {E6E250BB-16CB-492F-B21B-8C8834CCE023}
	EndGlobalSection
EndGlobal
