
Microsoft Visual Studio Solution File, Format Version 12.00
# Visual Studio Version 17
VisualStudioVersion = 17.1.31911.260
MinimumVisualStudioVersion = 10.0.40219.1
Project("{FAE04EC0-301F-11D3-BF4B-00C04F79EFBC}") = "App2.Android", "App2\App2.Android\App2.Android.csproj", "{53879034-4FFA-4AB8-98D2-E709C701C4B8}"
EndProject
Project("{FAE04EC0-301F-11D3-BF4B-00C04F79EFBC}") = "App2.iOS", "App2\App2.iOS\App2.iOS.csproj", "{7C94868D-1A01-4D7E-9B67-ECD06F28BB06}"
EndProject
Project("{FAE04EC0-301F-11D3-BF4B-00C04F79EFBC}") = "App2", "App2\App2\App2.csproj", "{132FCB04-1B8E-4DDF-83AF-AAC9C807D825}"
EndProject
Global
	GlobalSection(SolutionConfigurationPlatforms) = preSolution
		Debug|Any CPU = Debug|Any CPU
		Debug|iPhone = Debug|iPhone
		Debug|iPhoneSimulator = Debug|iPhoneSimulator
		Release|Any CPU = Release|Any CPU
		Release|iPhone = Release|iPhone
		Release|iPhoneSimulator = Release|iPhoneSimulator
	EndGlobalSection
	GlobalSection(ProjectConfigurationPlatforms) = postSolution
		{53879034-4FFA-4AB8-98D2-E709C701C4B8}.Debug|Any CPU.ActiveCfg = Debug|Any CPU
		{53879034-4FFA-4AB8-98D2-E709C701C4B8}.Debug|Any CPU.Build.0 = Debug|Any CPU
		{53879034-4FFA-4AB8-98D2-E709C701C4B8}.Debug|Any CPU.Deploy.0 = Debug|Any CPU
		{53879034-4FFA-4AB8-98D2-E709C701C4B8}.Debug|iPhone.ActiveCfg = Debug|Any CPU
		{53879034-4FFA-4AB8-98D2-E709C701C4B8}.Debug|iPhone.Build.0 = Debug|Any CPU
		{53879034-4FFA-4AB8-98D2-E709C701C4B8}.Debug|iPhone.Deploy.0 = Debug|Any CPU
		{53879034-4FFA-4AB8-98D2-E709C701C4B8}.Debug|iPhoneSimulator.ActiveCfg = Debug|Any CPU
		{53879034-4FFA-4AB8-98D2-E709C701C4B8}.Debug|iPhoneSimulator.Build.0 = Debug|Any CPU
		{53879034-4FFA-4AB8-98D2-E709C701C4B8}.Debug|iPhoneSimulator.Deploy.0 = Debug|Any CPU
		{53879034-4FFA-4AB8-98D2-E709C701C4B8}.Release|Any CPU.ActiveCfg = Release|Any CPU
		{53879034-4FFA-4AB8-98D2-E709C701C4B8}.Release|Any CPU.Build.0 = Release|Any CPU
		{53879034-4FFA-4AB8-98D2-E709C701C4B8}.Release|Any CPU.Deploy.0 = Release|Any CPU
		{53879034-4FFA-4AB8-98D2-E709C701C4B8}.Release|iPhone.ActiveCfg = Release|Any CPU
		{53879034-4FFA-4AB8-98D2-E709C701C4B8}.Release|iPhone.Build.0 = Release|Any CPU
		{53879034-4FFA-4AB8-98D2-E709C701C4B8}.Release|iPhone.Deploy.0 = Release|Any CPU
		{53879034-4FFA-4AB8-98D2-E709C701C4B8}.Release|iPhoneSimulator.ActiveCfg = Release|Any CPU
		{53879034-4FFA-4AB8-98D2-E709C701C4B8}.Release|iPhoneSimulator.Build.0 = Release|Any CPU
		{53879034-4FFA-4AB8-98D2-E709C701C4B8}.Release|iPhoneSimulator.Deploy.0 = Release|Any CPU
		{7C94868D-1A01-4D7E-9B67-ECD06F28BB06}.Debug|Any CPU.ActiveCfg = Debug|iPhone
		{7C94868D-1A01-4D7E-9B67-ECD06F28BB06}.Debug|Any CPU.Build.0 = Debug|iPhone
		{7C94868D-1A01-4D7E-9B67-ECD06F28BB06}.Debug|Any CPU.Deploy.0 = Debug|iPhone
		{7C94868D-1A01-4D7E-9B67-ECD06F28BB06}.Debug|iPhone.ActiveCfg = Debug|iPhone
		{7C94868D-1A01-4D7E-9B67-ECD06F28BB06}.Debug|iPhone.Build.0 = Debug|iPhone
		{7C94868D-1A01-4D7E-9B67-ECD06F28BB06}.Debug|iPhone.Deploy.0 = Debug|iPhone
		{7C94868D-1A01-4D7E-9B67-ECD06F28BB06}.Debug|iPhoneSimulator.ActiveCfg = Debug|iPhoneSimulator
		{7C94868D-1A01-4D7E-9B67-ECD06F28BB06}.Debug|iPhoneSimulator.Build.0 = Debug|iPhoneSimulator
		{7C94868D-1A01-4D7E-9B67-ECD06F28BB06}.Debug|iPhoneSimulator.Deploy.0 = Debug|iPhoneSimulator
		{7C94868D-1A01-4D7E-9B67-ECD06F28BB06}.Release|Any CPU.ActiveCfg = Release|iPhoneSimulator
		{7C94868D-1A01-4D7E-9B67-ECD06F28BB06}.Release|Any CPU.Build.0 = Release|iPhoneSimulator
		{7C94868D-1A01-4D7E-9B67-ECD06F28BB06}.Release|Any CPU.Deploy.0 = Release|iPhoneSimulator
		{7C94868D-1A01-4D7E-9B67-ECD06F28BB06}.Release|iPhone.ActiveCfg = Release|iPhone
		{7C94868D-1A01-4D7E-9B67-ECD06F28BB06}.Release|iPhone.Build.0 = Release|iPhone
		{7C94868D-1A01-4D7E-9B67-ECD06F28BB06}.Release|iPhone.Deploy.0 = Release|iPhone
		{7C94868D-1A01-4D7E-9B67-ECD06F28BB06}.Release|iPhoneSimulator.ActiveCfg = Release|iPhoneSimulator
		{7C94868D-1A01-4D7E-9B67-ECD06F28BB06}.Release|iPhoneSimulator.Build.0 = Release|iPhoneSimulator
		{7C94868D-1A01-4D7E-9B67-ECD06F28BB06}.Release|iPhoneSimulator.Deploy.0 = Release|iPhoneSimulator
		{132FCB04-1B8E-4DDF-83AF-AAC9C807D825}.Debug|Any CPU.ActiveCfg = Debug|Any CPU
		{132FCB04-1B8E-4DDF-83AF-AAC9C807D825}.Debug|Any CPU.Build.0 = Debug|Any CPU
		{132FCB04-1B8E-4DDF-83AF-AAC9C807D825}.Debug|Any CPU.Deploy.0 = Debug|Any CPU
		{132FCB04-1B8E-4DDF-83AF-AAC9C807D825}.Debug|iPhone.ActiveCfg = Debug|Any CPU
		{132FCB04-1B8E-4DDF-83AF-AAC9C807D825}.Debug|iPhone.Build.0 = Debug|Any CPU
		{132FCB04-1B8E-4DDF-83AF-AAC9C807D825}.Debug|iPhone.Deploy.0 = Debug|Any CPU
		{132FCB04-1B8E-4DDF-83AF-AAC9C807D825}.Debug|iPhoneSimulator.ActiveCfg = Debug|Any CPU
		{132FCB04-1B8E-4DDF-83AF-AAC9C807D825}.Debug|iPhoneSimulator.Build.0 = Debug|Any CPU
		{132FCB04-1B8E-4DDF-83AF-AAC9C807D825}.Debug|iPhoneSimulator.Deploy.0 = Debug|Any CPU
		{132FCB04-1B8E-4DDF-83AF-AAC9C807D825}.Release|Any CPU.ActiveCfg = Release|Any CPU
		{132FCB04-1B8E-4DDF-83AF-AAC9C807D825}.Release|Any CPU.Build.0 = Release|Any CPU
		{132FCB04-1B8E-4DDF-83AF-AAC9C807D825}.Release|Any CPU.Deploy.0 = Release|Any CPU
		{132FCB04-1B8E-4DDF-83AF-AAC9C807D825}.Release|iPhone.ActiveCfg = Release|Any CPU
		{132FCB04-1B8E-4DDF-83AF-AAC9C807D825}.Release|iPhone.Build.0 = Release|Any CPU
		{132FCB04-1B8E-4DDF-83AF-AAC9C807D825}.Release|iPhone.Deploy.0 = Release|Any CPU
		{132FCB04-1B8E-4DDF-83AF-AAC9C807D825}.Release|iPhoneSimulator.ActiveCfg = Release|Any CPU
		{132FCB04-1B8E-4DDF-83AF-AAC9C807D825}.Release|iPhoneSimulator.Build.0 = Release|Any CPU
		{132FCB04-1B8E-4DDF-83AF-AAC9C807D825}.Release|iPhoneSimulator.Deploy.0 = Release|Any CPU
	EndGlobalSection
	GlobalSection(SolutionProperties) = preSolution
		HideSolutionNode = FALSE
	EndGlobalSection
	GlobalSection(ExtensibilityGlobals) = postSolution
		SolutionGuid = {6232CDCF-9C73-4647-980F-CDFA221EAB54}
	EndGlobalSection
EndGlobal
